{
  "version": 3,
  "mopsTomlDepsHash": "045f1ad3b61988419871beb486964e729962bcc48689f24b27b937c57ccf9799",
  "deps": {
    "base": "0.16.0",
    "timer-tool": "0.1.1",
    "stableheapbtreemap": "1.5.0",
    "star": "0.1.1",
    "matchers": "https://github.com/kritzcreek/motoko-matchers#v1.3.0@3dac8a071b69e4e651b25a7d9683fe831eb7cffd",
    "map": "9.0.1",
    "ovs-fixed": "0.1.4",
    "class-plus": "0.0.2",
    "sha2": "0.1.9",
    "core": "1.0.0",
    "candy": "0.3.1",
    "candid-old": "https://github.com/gekctek/motoko_candid#v1.0.1@4f0c445a4f998d4d07b616fafd463eea8f52e4bc",
    "xtendedNumbers": "https://github.com/gekctek/motoko_numbers#v1.0.2@775995c49c55f7c53e5c9e5a52dc3536201064b2",
    "stablebuffer": "https://github.com/skilesare/StableBuffer#v0.2.0@110660769d11ba93c618dc4712525d20503bdc37",
    "stablebuffer_1_3_0": "https://github.com/canscale/StableBuffer#v1.3.0@acdde6bb5b939227997cebdbb8919d2e6da8691c",
    "map7": "https://github.com/ZhenyaUsenko/motoko-hash-map#v7.0.0@f0e25632e5da80118274e78ceeb5bec95f3c2b81",
    "map9": "https://github.com/ZhenyaUsenko/motoko-hash-map#v9.0.1@10b68f6ea8df5e72dfa4c07a50c8bb60a916c233",
    "candy_0_1_12": "https://github.com/icdevs/candy_library#v0.1.12@20db7a8a74258bb07c7d354ea477bf95121747a3",
    "candy_0_2_0": "https://github.com/icdevs/candy_library#0.2.0@4fc5aebec44355da94a4d3ebef87623e4545d89a",
    "encoding_0_4_1": "https://github.com/aviate-labs/encoding.mo#v0.4.1@2711d18727e954b11afc0d37945608512b5fbce2",
    "base-0.7.3": "https://github.com/dfinity/motoko-base#aafcdee0c8328087aeed506e64aa2ff4ed329b47",
    "array": "https://github.com/aviate-labs/array.mo#v0.2.1",
    "vector": "0.4.2",
    "principal-ext": "0.1.0",
    "rep-indy-hash": "0.1.1",
    "encoding": "https://github.com/aviate-labs/encoding.mo#v0.4.1@2711d18727e954b11afc0d37945608512b5fbce2",
    "motoko_numbers": "https://github.com/edjCase/motoko_numbers#v1.1.0@773953141f976ccdfc2e6a2c451b841a53bb39a0",
    "icrc3-mo": "0.3.5",
    "ic-certification": "0.1.3",
    "cbor": "0.1.3",
    "xtended-numbers": "https://github.com/edjcase/motoko_numbers#v1.0.2",
    "stable-write-only": "0.1.1",
    "cert": "https://github.com/nomeata/ic-certification#v0.1.3@c403ffec0a60f658a1009976c785aa567ff0da77",
    "sha256": "https://github.com/enzoh/motoko-sha#9e2468f51ef060ae04fde8d573183191bda30189",
    "sha224": "https://github.com/flyq/motoko-sha224#82e0aa1a77a8c0a2f98332b59ffc242d820e62cb",
    "icrc79-mo": "/Users/afat/Dropbox/development/ICDevs/projects/icrc-fungible-group/icrc79.mo"
  },
  "hashes": {
    "base@0.16.0": {
      "base@0.16.0/src/Blob.mo": "61a48166c8bdc4cf1220fd11f645566699fa064a2b2aa8174388aae4eef6a532",
      "base@0.16.0/README.md": "f861762bc648759297be91a82981acfb2a160f9e1cfee063526b640b05a9c435",
      "base@0.16.0/src/Array.mo": "dbf9ed7bfccb959356ee5250da58b43c2ddb1ee68173be04b365c5317564e134",
      "base@0.16.0/mops.toml": "49dc97853e23e5463322b656ccc29b2c090dafac91136d3bea282810e63f357d",
      "base@0.16.0/NOTICE": "3960a8d25fa5fc909325817b08b36c1146970930ca15b6352f8ea6db803cab47",
      "base@0.16.0/src/AssocList.mo": "e2e123d96d907ada614435ecef9a223678db79f3b0a411d85e59d5c0a6566438",
      "base@0.16.0/LICENSE": "166bd8e8cf7790087d1fd18a9fa4d060cc0d0b3e5ab30689aa5f3a59a93386bf",
      "base@0.16.0/src/Buffer.mo": "fdb20bbec95107f48974c706ed3420be8507e3654fd9371036b7416b45821388",
      "base@0.16.0/src/Bool.mo": "65faf01dc6e3609ed2f729b813811506951adcce71c081fc6edcdbae4c8b1169",
      "base@0.16.0/src/CertifiedData.mo": "e2911a6cb533ba85ff345987d91ba92730a80ca9b6729c0b0ae1dd4631765e12",
      "base@0.16.0/src/ExperimentalCycles.mo": "2e905451f9e3bfb6982de5a49a2dfa3859c2bb7e0739557f93480debcab8ffef",
      "base@0.16.0/src/Deque.mo": "47cac83b96adaf0d49a93f9766ed0844769b899a9b7982d46b4998157889abba",
      "base@0.16.0/src/Debug.mo": "ccccd690e0f61caac42cb75d9eb23fdbdae67053fbd8b33d47fa101dfc9af3e5",
      "base@0.16.0/src/Char.mo": "93d9e300a2a9ed72c8a1e50288b3af4cb2c6cdd31988f200dc167e3bbfe5824a",
      "base@0.16.0/src/Error.mo": "b64274e5a5dcfbf74a55ef8c2b969ff4cdd856656849ec2eb5b964c3d1ad1bf5",
      "base@0.16.0/src/ExperimentalInternetComputer.mo": "9a665385f030b54c2086cebd42ae29262c00989059586242a84a4a4f6a06f1f4",
      "base@0.16.0/src/Float.mo": "86d527bcc778e4520f14d47677fd24633b6a44125ec715a0368d718a1ee3d405",
      "base@0.16.0/src/Func.mo": "a1a6cfb5b1910916b610d00c05d2cc9b56a2b55ad55533583aa9e705cb82a4ed",
      "base@0.16.0/src/ExperimentalStableMemory.mo": "d28fb9f603fd9ebb406bc848590564b471c19cc082bbbc76c8487f0e7b211257",
      "base@0.16.0/src/Hash.mo": "7546b8e08c410e705c9fb0329b3f893ca24dda72cc4ed8f2013d7c546e8beb5c",
      "base@0.16.0/src/HashMap.mo": "0de8c3ddafe0f73d62cbe2bec33d78b78e975cfc5df385d763e73d86cfe3a899",
      "base@0.16.0/src/Heap.mo": "e5c90141bda1375535f00c16b448a2328856f9673a1dc9688a2b11e3dfc8bed6",
      "base@0.16.0/src/Int.mo": "c04aeea43aeda1fde3007978589967429acc152cab3132af8ef0ca288416d97d",
      "base@0.16.0/src/Int32.mo": "b50026ebc57842f95a1455c865ca736eab14db54856b8810f3e8ae9227688d7f",
      "base@0.16.0/src/Int16.mo": "51772524e6277db86d27a6b4bb2789145bd5ef72097fd7540a51eacb71fcba16",
      "base@0.16.0/src/Int64.mo": "55558f9ffa00dd336a7658c3a34800dcea9730232ff3132ddf2b2ce507ec648f",
      "base@0.16.0/src/IterType.mo": "53c840d79e7aa6eefd00552ad9ecca820f8f3be14e070c905df472893f7b4fbd",
      "base@0.16.0/src/Int8.mo": "44e98af88ecef25ff557b130118277ac9f9bfa151699b0b42e61e7b155f2b243",
      "base@0.16.0/src/Iter.mo": "24e490f94569d708e1c979fb798feb200665bb973a29bb2cb9210148a77d2cb4",
      "base@0.16.0/src/List.mo": "961bed7fa13d0f3aa88189ceb51e5a7aeaa9b475d0857c941b2c4fec19a70656",
      "base@0.16.0/src/Nat.mo": "4180a4f92deafd7674a68427f0e250a1022c42942b435405e6f2459bce0b5536",
      "base@0.16.0/src/Nat32.mo": "53b5530b7becc07bb4c0398cd805076d10a70cbb306a0b4ce628b9a755d068fd",
      "base@0.16.0/src/Nat16.mo": "787af029de5f2a5446b3c5b58ed5c07baaef2febf98d6e74c5422cac753d5d60",
      "base@0.16.0/src/Nat64.mo": "1f5f430978ff0c27c2608e0d976573ad0864ddc8816714ddc9691141b4bed4bd",
      "base@0.16.0/src/Option.mo": "8135b09bab4bd3a9536692cb09fbf170f3c4cbce01eea645ecbcd0368cdf834a",
      "base@0.16.0/src/None.mo": "6072c7d392b6e43c245912ed6a30f3f46f9268de5aa146848f1bf0fd5218af3e",
      "base@0.16.0/src/Order.mo": "2d7c2f21b967e26cfb26441138779c44652476eb717fdb5ed8fb5397c54528f8",
      "base@0.16.0/src/Nat8.mo": "08db31b1cb511656df9fa50ad1ec0d42f256a6e14344896ad11b7ea1bc577b80",
      "base@0.16.0/src/OrderedMap.mo": "0a48d759795ee87f23df1f9d7280f9fc8c126852eacc82daf4e58e4c047b767d",
      "base@0.16.0/src/Principal.mo": "d82643351555e44690dfc10c16011b14010000431e63c30a1ec37265f5fc46d2",
      "base@0.16.0/src/Prelude.mo": "5a4636d33c6937279462c460e3bc1ececd14a80569a2a51fa55d3968f7bda553",
      "base@0.16.0/src/OrderedSet.mo": "cc9fb6ffad0d95b123c55c5f6b3493245852f031081901c13caf52df04411e6c",
      "base@0.16.0/src/Random.mo": "4fffac74e85d64b2579647144ff2b40e358610ddeda23ebf9354eb1d98917803",
      "base@0.16.0/src/Region.mo": "8579f4296e26f29b565830301097d650699535131da663e1a8bca89432295754",
      "base@0.16.0/src/Stack.mo": "992f6bd77d5ac3e4281a85a2ac96cfb04abb5b794bf8e9e08c3b558f516233f5",
      "base@0.16.0/src/RBTree.mo": "f9ad44d8bb82f55691eeef5f50b2e976d3c18e4399e950cbdcb59e91582622d7",
      "base@0.16.0/src/Result.mo": "9909afee7a1f066b25105469808c06c154611428a9a909bcf3089a501181fa5a",
      "base@0.16.0/src/Timer.mo": "ec1e126f05dc94a2e229dd3572b04e92e9265762d52d2c99ca8df8656e4f7788",
      "base@0.16.0/src/Time.mo": "4336ac0d6d9d8f516a1ba6794eb5e3577ecd3aa2aedabd09892dc7b8554b73f8",
      "base@0.16.0/src/Text.mo": "0abd4063229262cb2e3d658937ad000155a9eff1656412ddd9502a4d606c8cfa",
      "base@0.16.0/src/TrieMap.mo": "f09aab78476ffd158f8ab789e0692ad61aa9b1f4ac6ff3af30cdac5f5c30a7e4",
      "base@0.16.0/src/Trie.mo": "3ca67f2527afaf5e663bd7b227384d0b20d0ea0cfc7c532e5d95a625c0d0d6bb",
      "base@0.16.0/src/TrieSet.mo": "9c8c1821582b344de6f3910f417527ec0b565876eb2d9da09455af05117ed45a"
    },
    "timer-tool@0.1.1": {
      "timer-tool@0.1.1/src/collector.mo": "6f0e6aef5caec90916de4d43653bdf043b274d1288f46915397f47c6e1a6d5e8",
      "timer-tool@0.1.1/README.md": "09a11950dae5bb6efb578e30b57e612812562da55470425ea9dabfba36b7802a",
      "timer-tool@0.1.1/mops.toml": "9d77e5c2b85833637a4573d549e31725ca3c85737d4e23aa6e0631a17cca3663",
      "timer-tool@0.1.1/LICENSE": "fd363615d095c4244cb9fa2b1a7d5a7a52f0144b01b23f2d8f27a45da03bc369",
      "timer-tool@0.1.1/src/openvaluesharing.consumer_example.mo": "af3970ba157736c19f3b572f14ac59eae40979899e9d1696ef291978af9bbe50",
      "timer-tool@0.1.1/src/lib.mo": "9c14e7c69a29c56288bc7932851ac5887d7ef80583e0026f345d786b6a41ade8",
      "timer-tool@0.1.1/src/canister.mo": "3b3d2d0f03e932a839c78f484b2d7b340af4aa4c635d72b2b8bc994aa354e828",
      "timer-tool@0.1.1/src/openvaluesharing.mo": "af3970ba157736c19f3b572f14ac59eae40979899e9d1696ef291978af9bbe50",
      "timer-tool@0.1.1/src/migrations/lib.mo": "1e809e9515496c276376d3ae26ca454afdea1e1e623785f9b0a27aff9d84749f",
      "timer-tool@0.1.1/src/migrations/types.mo": "13185945fe3446a3deb31285318f5cd5b6267e9f5990df99ed208e00272b93ca",
      "timer-tool@0.1.1/src/migrations/v000_000_000/lib.mo": "353cb9037073b4bcd57e9f873ebb3d01f4a50a6557ef1ff1b947815ddb1fa14b",
      "timer-tool@0.1.1/src/migrations/v000_001_000/types.mo": "4a3dc6df0ab778aac89d2be11e533ce8f37daed300043c15d692e9533f8c7bc8",
      "timer-tool@0.1.1/src/migrations/v000_000_000/types.mo": "15565a67979f6f4952869ff1b7a46bd3a6c4c03fd2b7c9e0982bd51c232194d9",
      "timer-tool@0.1.1/src/migrations/v000_001_000/lib.mo": "c2c62182e5cf6188a67e1fb4b56c8bcf0b5a78b241b13f1e7b13a4e189ec2fa6"
    },
    "stableheapbtreemap@1.5.0": {
      "stableheapbtreemap@1.5.0/src/Check.mo": "c9a3189ba0669abf69c83c2ab525f5cc9312df5ec1bfbcaad7812b0d958301bc",
      "stableheapbtreemap@1.5.0/mops.toml": "4964fcb6fe32143e0807c9ed0626813e5fe786a34cc92557fdac3d620dca85e6",
      "stableheapbtreemap@1.5.0/src/BinarySearch.mo": "473324dc4ee661ae082d6945048e055d27072ea81da938369cba1d06b1d0352d",
      "stableheapbtreemap@1.5.0/src/ArrayUtil.mo": "8c79ab4cb596dfe9a0c5d560daabc4d5d8ea895e6e44248bd787de911549635b",
      "stableheapbtreemap@1.5.0/README.md": "c6fcb2dac3fac8f0302048a1c18df447a61ced349cf74d6626aba350fa8c5cc2",
      "stableheapbtreemap@1.5.0/LICENSE": "a70773cd5e9aa630d0a333a272e0fc5a54c72e6701ded2395417b09d94265e18",
      "stableheapbtreemap@1.5.0/src/BTree.mo": "0bf6d28c7f48d4e6b3721bdf990735f3d0edd61a79de33afd40ec0080a485489",
      "stableheapbtreemap@1.5.0/src/Types.mo": "d99c0bcb0fc6ed687e98cad7e17e605834de9981fa49e0df8e54810a0a2c8139",
      "stableheapbtreemap@1.5.0/src/NodeUtil.mo": "1ab779e112b84093d62fa9e159b9b7727a667656f00be6c3a2938c699a78b1dc",
      "stableheapbtreemap@1.5.0/performance_testing/src/btree.mo": "d305dbcc35f436361f3d42a2d3456bfa31a1ba01e9fb4b85df3b86df3b7e6328"
    },
    "star@0.1.1": {
      "star@0.1.1/README.md": "87c310c1d4994d17218da7334927a0270ddf8581fdd2d4c24ea7e5deebe9e1c9",
      "star@0.1.1/mops.toml": "216a5f4f1d54dadf3de698b2ef25a7caccc50aeb73b0a2dab0dd47297ecf51f4",
      "star@0.1.1/src/star.mo": "4bf844da6ed23a8d12c216e46e7b0a4ad51c4fd0732f1c4a14ba6ce9e33aa4f4",
      "star@0.1.1/LICENSE": "4629ebc80b8d846bc81b6ba52c38ffe22288a7c6ed377e173196e311c2056bfa"
    },
    "map@9.0.1": {
      "map@9.0.1/test.mo": "1dbf0189e91fe529366dbca96b265728ae4ebedab0072ed3a8e6c1b40b1f2b95",
      "map@9.0.1/mops.toml": "2d39600b74fd262e71ab620d94bb3727ef0228d056fbc1cdd0e4742063ea74f2",
      "map@9.0.1/src/Map/const.mo": "daa2d3cd2e3f59c0793666d5d7be30e097f38bba34d1f818f72672e8ee31ecb3",
      "map@9.0.1/src/Map/lib.mo": "b04a6971d237b5869ffb21f4c061993039b5d3aa7fae9e998583c9d56f2811ad",
      "map@9.0.1/src/Map/types.mo": "828fd9cd9ef34664fa50a149ed5c3b4ac66c937b5f47c57f183a2b9a8cf67372",
      "map@9.0.1/src/Map/utils.mo": "0c44db72a226c91483390ce286593d2d92550c28f77ff9b5810992b57fa7c438",
      "map@9.0.1/README.md": "d82170254be14dffbe42591deff3b6f5507b9efe9c2d4d416529ee0a5f8a1c77",
      "map@9.0.1/src/Set/types.mo": "2f369ce007b606c416ce5ce3a587624d890899356aa1b8eba324a7f4caea26e6",
      "map@9.0.1/src/Set/lib.mo": "d28b2ac313579d88454ae4d68d17181ab8de0e2d5ecca4df79d4f895a79181ab",
      "map@9.0.1/src/Set/const.mo": "daa2d3cd2e3f59c0793666d5d7be30e097f38bba34d1f818f72672e8ee31ecb3",
      "map@9.0.1/src/Set/utils.mo": "0c44db72a226c91483390ce286593d2d92550c28f77ff9b5810992b57fa7c438",
      "map@9.0.1/src/Map/modules/clone.mo": "26e81e881eb3ee489231233f1dc8ec25b4a3c546a9e12cc0746892a8271c316a",
      "map@9.0.1/src/Map/modules/fromIter.mo": "3e6791d684a59c0894e5e3fe5b4f2ccfd3117f6cfa8a57aa5617bb681420454e",
      "map@9.0.1/src/Map/modules/find.mo": "2074f9bcb0fabd7d5ea7331315ba5b91926e25f35de23a1c9ef2b09bf9e8dea9",
      "map@9.0.1/src/Map/modules/get.mo": "1e8683d00760fa32a3b365ce9be5d246b8773da1eaf827d9c86e43974390d3f4",
      "map@9.0.1/src/Map/modules/init.mo": "cfdbd9a081b89d36b53514d7256569822fb7583cb5623b009ae1a530b11fa3c5",
      "map@9.0.1/src/Map/modules/put.mo": "6f763f9eb1360e8f50cd6dcdd99d09476b5740f63efd14b350295b0742330092",
      "map@9.0.1/src/Map/modules/rehash.mo": "2b5455e77226245e32ce1b06d7dbfce5d2f7eccf6f288f34dea4d7bd22c12dee",
      "map@9.0.1/src/Map/modules/queue.mo": "129b5e107fe76d8c7acff3bee75b0fc78d4fd8868234769282d652d517f703b7",
      "map@9.0.1/src/Map/modules/iterate.mo": "86c249769b5e338dce5a9b9eec4e0f9d68cc5ca637131364d78d1f263cb10030",
      "map@9.0.1/src/Map/modules/toArray.mo": "e0d29cbb4be5959f7741f8e5b89a571076d33aa959357fcfe1809e1e787f1f84",
      "map@9.0.1/src/Set/modules/clone.mo": "86986a4f96d731b2881f1ab7281862bf8ee65a8abb4de59f22e72c08272cb856",
      "map@9.0.1/src/Map/modules/remove.mo": "54151a37caa332012c1798964c83f37752cb6256b93964c7ec75df2df63420ff",
      "map@9.0.1/src/Set/modules/find.mo": "3f61a8644f712eda9367ae31a46366b48cb40c2c78b00946448a5fbdcb61acbc",
      "map@9.0.1/src/Set/modules/fromIter.mo": "6d39cf258febd9dba33f34bd8d5c00fdd42308417c1a5ba4bb6de39508dd591e",
      "map@9.0.1/src/Set/modules/get.mo": "1892927614478eb35428238323231b9f52dcea31bdcc129fd5e8359da6752616",
      "map@9.0.1/src/Set/modules/init.mo": "0ae14693721844f6dc6c3f14bcde059fdbb64620ee552c78e8c81bb7579c4361",
      "map@9.0.1/src/Set/modules/iterate.mo": "6288764f10ff9b6cd7d8f637fbed046e344c9b4e26727132a0bda6a824a8251f",
      "map@9.0.1/src/Set/modules/queue.mo": "d2396b0fdb8531cbdf29200c5dcf1704a0704922c00e0ea8f483b5c2c3ba8b13",
      "map@9.0.1/src/Set/modules/put.mo": "ef25497595c08e4217f5603aa1c16b973e2d31303a58f1e51dc159442b088392",
      "map@9.0.1/src/Set/modules/rehash.mo": "133228a3521069233e6b676de05e84fba4f28e3fff63b5dfce1d1a603b4bf609",
      "map@9.0.1/src/Set/modules/remove.mo": "9548e3d1df5b82d68dd469ca6aa30f06d9619ae2ab7068b8344505349b487feb",
      "map@9.0.1/src/Set/modules/toArray.mo": "6d6c3162ba79935d56390dfd4cb3434493b2c121cf09aa3b2a2af9b12e276eed"
    },
    "ovs-fixed@0.1.4": {
      "ovs-fixed@0.1.4/mops.toml": "79fbce6385aa6b8fdb9da3f7eb02fb5e9acdf725ac9254870ba34e9b1d90b61c",
      "ovs-fixed@0.1.4/src/lib.mo": "625c273f1117503e52a55c38047049453a1bf3baa77538d02e0be0a832748946",
      "ovs-fixed@0.1.4/LICENSE": "1b7bef6b75686128fbb5c191e415d59e4c5fd61a90bf3de550fea9c2098d1b22",
      "ovs-fixed@0.1.4/README.md": "99bb37625eaf8c604b8fb4c5f635b0ca0558a099318d74b254e3a97c29091e09"
    },
    "class-plus@0.0.2": {
      "class-plus@0.0.2/src/canisters/aclass.mo": "a5e3329432b4be2c01335b934973427ba20177b7ee4b76c77f882f1d319e57ad",
      "class-plus@0.0.2/README.md": "9f74a98fbb336978d90721392c6486e4ada0c122df5fceb653a6cb0a4b0a9e58",
      "class-plus@0.0.2/LICENSE": "c46d88496f6415adeac524f6a4a9049eb741d4f2f78565994e6a8a629730a19d",
      "class-plus@0.0.2/src/canisters/example.mo": "c90f9f189ef1c3a3059e08065b986d6804c487d0a81be79336fc1531b1d44f23",
      "class-plus@0.0.2/src/canisters/asystemclass.mo": "9c7e3c7893a1484066bfa1685a4d765e90ea072171018978ab4de8e89d295dc0",
      "class-plus@0.0.2/src/lib.mo": "ad706f765dfe947bf0041e04af51e515f6c0eeaa0410cb09579046ba078e9e22",
      "class-plus@0.0.2/mops.toml": "a688a239dfa3349cd986460ac4e8581fcec10fdcb63913d2997c58031463a679",
      "class-plus@0.0.2/src/canisters/systemExample.mo": "c90f9f189ef1c3a3059e08065b986d6804c487d0a81be79336fc1531b1d44f23"
    },
    "sha2@0.1.9": {
      "sha2@0.1.9/mops.toml": "82015815abd792fd563a4bd94ded7e3de270e1db337c1770c077c15df26b16a5",
      "sha2@0.1.9/README.md": "f06ce7acdfabd793202505e744591c6692b54eeb97f97689bc889fd1926a1de0",
      "sha2@0.1.9/LICENSE": "c71d239df91726fc519c6eb72d318ec65820627232b2f796219e87dcf35d0ab4",
      "sha2@0.1.9/src/Sha256.mo": "23a8a07554f95d41200d423930f949b4170c87f4a4787167c5051953b4e6214f",
      "sha2@0.1.9/src/Sha512.mo": "be3a3b0c356af30f2bba96d2a4e0de7815096d6f32d83f2674dec20188b77d63",
      "sha2@0.1.9/NOTICE": "9e95e2265712704574d13aaa6cab885a11e6ca6d46d70a7dd5286791ed59a1c3"
    },
    "core@1.0.0": {
      "core@1.0.0/src/Array.mo": "7cc453a2d20a3dae84c54f2c4a2db6db7b454f6fca0ba23e6440d324c2a68f3f",
      "core@1.0.0/LICENSE": "840e3d57a38a8061f55d04470fbd58b9345326fa04ea10ee42add5c6e3b2aa08",
      "core@1.0.0/NOTICE": "d62ca4ef9e2c9df064115c339013593cf0769e2b9dc78fa4b3211222541c7f83",
      "core@1.0.0/src/Blob.mo": "58fe96119602151a6816db9817bfd3062526e15fac49c2a259fd2a5061266775",
      "core@1.0.0/src/Bool.mo": "a13590c559c53109e79ffff7de0506e59f1f93754ef2d0efa1df9baaf1751e95",
      "core@1.0.0/mops.toml": "e8e16f2bd5c257b4626c18276930283ac6c156ebc39619dae8da076f23fd1c5c",
      "core@1.0.0/README.md": "184efbd57d9792ca0275a7a66caeb920181001e46e63aa7b70f180e001a2a838",
      "core@1.0.0/src/CertifiedData.mo": "5af3182d77ab7aab2384d1f663a8cd992bbd6652aacff29c443314cf2186328f",
      "core@1.0.0/src/Char.mo": "0d1146320d21048cd49663c9838b1a6ce7ec1add1ad256b51a1eac4bbe3f6be8",
      "core@1.0.0/src/Error.mo": "fb53abc8de032fa421e327a7fb4880345b7b8e91bbb84d9183d2172b7a9ec773",
      "core@1.0.0/src/Debug.mo": "5c9398296ea0a913e2f356a3e169bb56df817248036aaa5c97507d29915143cf",
      "core@1.0.0/src/Cycles.mo": "9f5c1fceea47f05c43f22a1c25e8753fb7e552e36106d27bceef24b1310f4cbc",
      "core@1.0.0/src/Int.mo": "17c36cc01d325ab430c372328abec9d9defa0e81e3c2de7613735ca9588597fc",
      "core@1.0.0/src/Float.mo": "20beea2c0d9039593cc28c638e289f42b3f5a9405b9a43c1fc76571cbb0e6f5d",
      "core@1.0.0/src/Func.mo": "c00d06b15e3376821020ceaaffae2a70bf206c672e746459ba1079adc6d1a619",
      "core@1.0.0/src/Int16.mo": "5102cbb40ff1ecdc005bdc96ded6ef3619aa840526d2b243c0463dbb758aa4a8",
      "core@1.0.0/src/Int32.mo": "6fb63738e2482ee6b361745a7c0b03f684cdfcfa578e1bae53a9e0df527f1f72",
      "core@1.0.0/src/Int64.mo": "05d49bb8a25ef1f49e8a164fd5a63cc03fd56c1bbb91f1b6d5096ba9bd9eb23a",
      "core@1.0.0/src/List.mo": "100853bf57dc4b350336695148b3a3ecfc12c75c52b165dcdafc1c05effac6fc",
      "core@1.0.0/src/Int8.mo": "186de373b7857c3d6a6a3814285959e291088e8ae17de4a1bf2bd5e15490d511",
      "core@1.0.0/src/Iter.mo": "6098e63365cabe82046fd0100f53b029cc2693a438d0a7aafc7e930c8bb986b2",
      "core@1.0.0/src/InternetComputer.mo": "20383755c98801e560c17f9aefd9b4eb00463ee598125de1b39f6ae6fc8c60c9",
      "core@1.0.0/src/Nat.mo": "6be73db65c25fed97cd6b37223fac6a7982e8f124651d522aa7999c40159db50",
      "core@1.0.0/src/Map.mo": "bcdb5a6bf2f9b8ba2078707d25155fdab8fc9b92b1d909e749acb8be068f9226",
      "core@1.0.0/src/Nat16.mo": "0f83fbbbd2c4b0c71e9465e67273464faf32f126e59f3417476d536ee7e2ebbc",
      "core@1.0.0/src/Nat32.mo": "e35fccf57b5a5aca880860481388c8d679b2289710a43d9acd5f77ed19984614",
      "core@1.0.0/src/Nat64.mo": "9d8454be0bf9b234f5a5d308a1afdc02bc770a9d0d587bc23f8fba392a21ead9",
      "core@1.0.0/src/Nat8.mo": "02c42e668f0fd95df5f864b4bbede58565a0a0395c6a04f6cb357f83090d245d",
      "core@1.0.0/src/Order.mo": "ebc93dd27cee7befd6e41794fb220f079dfb017145a76d77a225b2fcb3bbfd9e",
      "core@1.0.0/src/Option.mo": "14e4f9d3332f778e0afa922e68852bf8fefcb885f1455770333867d120d64230",
      "core@1.0.0/src/Principal.mo": "2d4ce9cee2fd21cfe2bf236260742d5b35ac4fafaef74204bd068d0ba691b3e5",
      "core@1.0.0/src/Random.mo": "0cb44f437d4e495ac5ae80da2518f5d3ba12fc8cf25a7ca2d8f25c536066dd80",
      "core@1.0.0/src/Queue.mo": "fef65d586af331551fd4602b4a462a891a5ebb7a2b57d0de51b32d4ee10d3fb2",
      "core@1.0.0/src/Region.mo": "c853ca2803d26f650e8e0cc0ba1b219664e7e0fdcea2a747f146f035dc5659dd",
      "core@1.0.0/src/Result.mo": "a3eed6fe0156ac5a10418c13397fab7bcbc803a95cfc12fdb4de159e97f5cc94",
      "core@1.0.0/src/Runtime.mo": "5ac1290bec77ab04ae51df5fdc56ab4c6850823ffcd18e4140dfcc1b5a66cce3",
      "core@1.0.0/src/Stack.mo": "74a904d5d91a3c706c0dd0b73489719e74503510f2ff6fb6017dcf1c14d0ab44",
      "core@1.0.0/src/Tuples.mo": "632c1d344d561df66c7092b13c9009e41f5c73d068f1ae13001ac55353c66376",
      "core@1.0.0/src/Time.mo": "e08d502d5eb3ca0ab7b4cce7322404faf1c72bc2bed7d2ded5a46d6afd80fd39",
      "core@1.0.0/src/Text.mo": "3bd1923e902a08421f71fc6903a4492366d5ffb0206891143edae3b81fee6298",
      "core@1.0.0/src/Types.mo": "fe8ea094b7444977d45cdd3c0a389143f0b84e0567051b6c50b69aac482d1105",
      "core@1.0.0/src/Timer.mo": "dee7c31d1d4fd29794da552a133bcb90fbd29e3ec004407d1d6a16f430ac8151",
      "core@1.0.0/src/Set.mo": "db592ed58c0a333fd50303cf71fb47adf2e0660e0b53364c49a2aef536380db3",
      "core@1.0.0/src/internal/PRNG.mo": "8a93e87baa2b12f613c82394a4a05b425e44a695bbace4ca36f9a1f78be26442",
      "core@1.0.0/src/pure/List.mo": "e4a873f01cd5f923a43b7a4f86924f9348b9102a1b9e6831bfbd7032aa22a244",
      "core@1.0.0/src/VarArray.mo": "2b1649549cf5a4c1c3a5e224b816b060bcb3f85999f9cbbe75db0ef369c2dff6",
      "core@1.0.0/src/internal/BTreeHelper.mo": "20a475baf18f924ee0297fc234469fa0985cdaa31c85ce002b5a921383b0534d",
      "core@1.0.0/src/pure/Queue.mo": "f43869d27e7392074297afd7d271a282c461ee1eb69105b269751ca22070ccce",
      "core@1.0.0/src/pure/Map.mo": "33f63f1878f0474c6669363dde9ff6808ac992fa6353a7051b9a0c0cc7ee8f6c",
      "core@1.0.0/src/pure/Set.mo": "b547cd545ef688f349cd974ccd5c9cfcb11bdc67e8f0ab7d87734ff0f95193c5",
      "core@1.0.0/src/pure/RealTimeQueue.mo": "6e1f9a60d862f0bd214c205f70c98313ebc741f63ab62d3292c0d92d871c100f"
    },
    "candy@0.3.1": {
      "candy@0.3.1/src/clone.mo": "d1f57877e8bf8c06a26465653ba7f6b81c11fcc7c6bd18bae9db08e3cd5964dd",
      "candy@0.3.1/LICENSE": "fa4694d28892dd3d6366355562e94bcb7d99ad9450f67aff544ef9bc75bf2fe6",
      "candy@0.3.1/mops.toml": "eef469985e56cef9c0325c7ddf06c784a6299f4669879962c3c94d09bf9e7dad",
      "candy@0.3.1/README.md": "6c93e493500ea0e55f30b72fd8765998330c3b364fbcbafb267765dc6231b8a4",
      "candy@0.3.1/src/candid.mo": "d7f62196f686f4c4ff02e5510117b78bffbff7fc0584d7f68765bf52dd7d0321",
      "candy@0.3.1/src/conversion.mo": "994e5fddabf6a0fc61d160a91652892a7206943ca51b6e3d3f13f695dbca3aa5",
      "candy@0.3.1/src/json.mo": "31ca30acf1e30b637fa0b27942c59dd4283b74d024de337a04380571c989c828",
      "candy@0.3.1/src/conversion copy.mo": "994e5fddabf6a0fc61d160a91652892a7206943ca51b6e3d3f13f695dbca3aa5",
      "candy@0.3.1/src/properties.mo": "5a06b8becf4943530261e80c12a879f4adb4cf1df930f381bb16c2873cfd9e54",
      "candy@0.3.1/src/types.mo": "f4d00b7a075823d1be819c9da6b4743be3c3b5d5f0619c786f3acd8a6173f98a",
      "candy@0.3.1/src/workspace.mo": "cfd78845606b5fd1630fcbb86205edfdcca7f58c0eee0888a995d62b4bdd8983",
      "candy@0.3.1/src/icrc16/conversion.mo": "ac99fcbd0299e19bd677467ae9a5323ad3b53dfd94ef054d51ea0d107fd402d6",
      "candy@0.3.1/src/upgrade.mo": "aa1216df7db30a5f816b2075279c04781e9fa60688d9611cbbc8251f4ecf4533"
    },
    "vector@0.4.2": {
      "vector@0.4.2/mops.toml": "a033730eec48dbd011899a7a52b6bafd162cf5bff51fdbd50073e147c3a8e4e4",
      "vector@0.4.2/LICENSE": "c71d239df91726fc519c6eb72d318ec65820627232b2f796219e87dcf35d0ab4",
      "vector@0.4.2/NOTICE": "71e037856ba594c2b26f5d97a1f77a907ab2013af8cbb124857ca8b53022f83f",
      "vector@0.4.2/README.md": "4a09aa037e996de272ffe72f5e4f92171a5f1c67e17755e4cf6fdada9778c360",
      "vector@0.4.2/src/Class.mo": "5c5ad6caf6d1c2c38b071eadb6da66fcdc002ab5e8b427ce9827d9ecb4ab78a5",
      "vector@0.4.2/src/lib.mo": "41475d3590f4f4ba27fba3975d8f3a7ec877c1501b5053ad8b0228de5569404d"
    },
    "principal-ext@0.1.0": {
      "principal-ext@0.1.0/mops.toml": "d2722acc434d2feaaedf3f5c5eeb4e8854024ad81c3456f03bbb3cb70823c2c7",
      "principal-ext@0.1.0/LICENSE": "6196a6d89602da7057b74b05527d6427ec4674960c5eeebea6f5c884d56bdd3e",
      "principal-ext@0.1.0/src/lib.mo": "8105de12a81ce5c326d2f2ba8a768371d1079df85d69482c87b8329bb70838c7",
      "principal-ext@0.1.0/README.md": "b0a6251f9b36177257a53d99721a2d69f259492f7374fa9dc3640829c7c0dfa6",
      "principal-ext@0.1.0/src/Base32.mo": "62477a9eac7fef077da963d7aad2bc3fc786f5c3da0a8d4990c37297e425a0a6",
      "principal-ext@0.1.0/src/Crc32.mo": "d6968b951e2031bb2a0e4766b4fe64d9c65d04ad549c6a525042d250e25d07b9"
    },
    "rep-indy-hash@0.1.1": {
      "rep-indy-hash@0.1.1/README.md": "386b1a28f3bbc284ff38594538cfbffa754e2604537c5ed5644daf547bbe2c49",
      "rep-indy-hash@0.1.1/LICENSE": "d067ae09bcc2e0dc36b4da5e642e99961b4f2940b7c8682bb2865ea09a434cfd",
      "rep-indy-hash@0.1.1/mops.toml": "22d25e3bb121e7849114c304f2d529018489824d39e8b6ceea629bf59df490f6",
      "rep-indy-hash@0.1.1/src/lib.mo": "e09df30e77f19a2b51dd6d5adf8e515c095c36a8e7b092a328c8204f7c435187"
    },
    "icrc3-mo@0.3.5": {
      "icrc3-mo@0.3.5/mops.toml": "0c17a676c91759d3cd1479a9b29676c317c726da8c4388063db208766282912a",
      "icrc3-mo@0.3.5/LICENSE": "32db0c1689c0a01f7a11d3c0c3778c67ac8a02b25a848d8800d09685261466fc",
      "icrc3-mo@0.3.5/README.md": "040536a5b3a72073ae8fbe376d1efa31e5b6946490b4b1093ee32ae54ebe301f",
      "icrc3-mo@0.3.5/example/main.mo": "de8871d4b1480257cb7cc700815d9a8a912a9933fbcc405c735575c755dff159",
      "icrc3-mo@0.3.5/test_runner.mo": "cf3b8df32617fc2ff7edcaacae56f7d6fb8f2fec283d4b23efe166ee629b0ffb",
      "icrc3-mo@0.3.5/src/helper.mo": "b52ed4a702e7c85fac7f514ffd0f97fedf005f6e337e515c7f8004a2366b6f24",
      "icrc3-mo@0.3.5/src/legacy.mo": "74d9595d8a1fb01f5cddc73b312b54955a18c70afeb16b9e7681f7a1d08ba019",
      "icrc3-mo@0.3.5/src/service.mo": "16f2bf161ff8da4144d570924ed46d976b3239b8d97a03a70c5427c7d622d0d1",
      "icrc3-mo@0.3.5/src/lib.mo": "22d4aeb0b3a231026e1cc15cc3b6156e4f9c21394719583b5c377e92b41c892a",
      "icrc3-mo@0.3.5/src/migrations/types.mo": "a05067506ec6a083fc9300e848d788b35b6da80fa7bdf640b1c186d25461b05e",
      "icrc3-mo@0.3.5/src/migrations/lib.mo": "a49b57778d91beb6d101171e6c366b5cc9e2398ede609a2e508c59760c1516b8",
      "icrc3-mo@0.3.5/testActor/fake.mo": "7f5c15ee04e1a9dca2a9490c158e693513065b7955498e35d926ed1530ad6e32",
      "icrc3-mo@0.3.5/src/upgradeArchive.mo": "e21eff135620ef53601e28202bcef3bf4555733ad3449164525e807205350376",
      "icrc3-mo@0.3.5/testActor/test_runner.mo": "23d849e8474380c75edf898bdcf1df0c7b3c077feaedbf427e796c887dd166fc",
      "icrc3-mo@0.3.5/src/archive/lib.mo": "04d6a4b4362e9873c57be71800dc3de3339ea093ebcd1cafbc9ee25b0febf9d2",
      "icrc3-mo@0.3.5/src/migrations/v000_000_000/lib.mo": "737f80426d1199065d9eb9d39ee5ef5267bf03f1fc338e51b9c494589ceb8254",
      "icrc3-mo@0.3.5/src/migrations/v000_000_000/types.mo": "28428a053891813ceddb91fe97b9211eb820f3f78e379243f76dfe93a8f4548f",
      "icrc3-mo@0.3.5/src/migrations/v000_001_000/lib.mo": "47ab89077d415794920797debeed253963b6c9a777b48bf2e0dcb4f27c058025",
      "icrc3-mo@0.3.5/src/migrations/v000_001_000/types.mo": "871ed35f9b7cca2eda14c228f45b07b762a161e1536b8bf6c51e2df05f7ad0e4"
    },
    "ic-certification@0.1.3": {
      "ic-certification@0.1.3/README.md": "fd6f2387ab47db00735360f873b28709e83da3c6922f65c1620a89a47fb62229",
      "ic-certification@0.1.3/demo/main.mo": "a1d2d19ab92fabf2ae59f2c79fed25bf6e06277e31ec5758364aa5efb2be79f8",
      "ic-certification@0.1.3/src/CanisterSigs.mo": "aa7bf8b2795c1771dec806f1aa252720f30e5c27cdd111dc894ec1a90af5f840",
      "ic-certification@0.1.3/demo/ManagementCanister.mo": "51b2a7d1fe68a9dbeb65d8bcdc0c6c0d93cc7babea6c5ceacb70b02cfca0d897",
      "ic-certification@0.1.3/mops.toml": "4e67fdefd152877eca9ead98904d6ae4773e9e3c9ee39470372a3ae5e6fd2cf6",
      "ic-certification@0.1.3/tmp.mo": "d059735d9947c31d5babe556a2e4990969564f1e5d9356d66b1d6931f7907b87",
      "ic-certification@0.1.3/LICENSE": "c71d239df91726fc519c6eb72d318ec65820627232b2f796219e87dcf35d0ab4",
      "ic-certification@0.1.3/src/CertTree.mo": "a2afeb4bbf13e08b78a17f5f6245a79a9f99e8ebaae8dc483f3ea336c2be2c6a",
      "ic-certification@0.1.3/src/MerkleTree.mo": "f985ba6867caf5dae09caab3e8b142f7e32092448d941f45ee27672735dbc7f8",
      "ic-certification@0.1.3/src/Dyadic.mo": "d03fdcc331aa8c8f969c3f4e38ea0ec0e11f59a3a337dbcbad69f1cfac332b81",
      "ic-certification@0.1.3/src/ReqData.mo": "1acbf080660aec33fe6daa387f01be51ec31d6714b82761c79d85e0262106489"
    },
    "cbor@0.1.3": {
      "cbor@0.1.3/README.md": "daad96802fb7269aa3f5e17f07359e09667ccbb92ddf8b139272881f295e9ad9",
      "cbor@0.1.3/src/Value.mo": "b692c95e0378cbf6d6dc0cae166628ffc198243030ea63408f7994d486784e9e",
      "cbor@0.1.3/src/Util.mo": "2fdb6d9cca6ecafb08249195616f7374744fffcf9e0a451bd27d817a12a4b0d8",
      "cbor@0.1.3/src/Encoder.mo": "1bc438d1286f1b33931b5caaf8dc3df4d41e16445a429e79cfc9fca4fb540d96",
      "cbor@0.1.3/LICENSE": "7c506e3eb6f4bca4ef5bee931f06712568c568bf3fca152d0e82524e6cb4b5f6",
      "cbor@0.1.3/mops.toml": "8a8757fd5a8def40d7a8cd07ecde911a0733733ba82c765ee007ad3b139def79",
      "cbor@0.1.3/src/Errors.mo": "4b9a5ce77917e6d0d1a8e5e2b48bb6805dfad349d1a7a42ee3d563aea8ab181d",
      "cbor@0.1.3/src/Decoder.mo": "abceeb5b9c8bc91471bc38e229a41199896907cbf232dbc29e7ad028fd8231cf",
      "cbor@0.1.3/test/DecoderTests.mo": "97afcac20e6a87475b72f1b5d740256347c4e978f45ef9b56c58e369cb43dae3",
      "cbor@0.1.3/test/Tests.mo": "b6430e23cef66c252181ce13aa4c1c439b289d7188df168f7c8f775c89dd02d5"
    },
    "stable-write-only@0.1.1": {
      "stable-write-only@0.1.1/LICENSE": "d067ae09bcc2e0dc36b4da5e642e99961b4f2940b7c8682bb2865ea09a434cfd",
      "stable-write-only@0.1.1/testActor/childv2.mo": "5877993dab7ef9f24f709376f0af789c4b8cd1965419a1ea9b667b294fd67845",
      "stable-write-only@0.1.1/src/lib.mo": "e44e67e61a1a764b9789366124fb2252d76107c22f75c8c8f0402c0953640e41",
      "stable-write-only@0.1.1/testActor/childv1.mo": "bd6dc8517d0551a84c405c60e5621dc3f67d1c1398ae9296e03870932fb951ef",
      "stable-write-only@0.1.1/mops.toml": "183193d9a0849d3c508d3338cfef107494c0360988d8469840c5d362e488cc43",
      "stable-write-only@0.1.1/testActor/test_runner.mo": "13e4e6963adf06a4f11640001eb9b888e151c54c084ac0d2ba1112835a8caec6",
      "stable-write-only@0.1.1/README.md": "6fdebff247d028ad42dcec517bf35d91341f5f37b34dee18d2f16d28649a09f6"
    }
  }
}